
Microsoft Visual Studio Solution File, Format Version 12.00
# Visual Studio Version 16
VisualStudioVersion = 16.0.29806.167
MinimumVisualStudioVersion = 10.0.40219.1
Project("{2150E333-8FDC-42A3-9474-1A3956D46DE8}") = "src", "src", "{C59A6617-28E2-4F9F-9B56-3045204DC0FE}"
EndProject
Project("{9A19103F-16F7-4668-BE54-9A1E7A4F7556}") = "ABCBrasil.OpenBanking.BackOfficeTed.Api", "ABCBrasil.OpenBanking.BackOfficeTed.Api\ABCBrasil.OpenBanking.BackOfficeTed.Api.csproj", "{5521E6DE-06CD-4D86-8523-F6AD5BC9FD67}"
EndProject
Project("{2150E333-8FDC-42A3-9474-1A3956D46DE8}") = "01 - Api", "01 - Api", "{C32ADE5F-A0DF-45C7-BEB6-70A22ACDCA5E}"
EndProject
Project("{2150E333-8FDC-42A3-9474-1A3956D46DE8}") = "02 - Core", "02 - Core", "{493D3548-A085-4BBF-B209-B0CC66D7ECC7}"
	ProjectSection(SolutionItems) = preProject
		ABCBrasil.OpenBanking.BackOfficeTed.Api\Program.cs = ABCBrasil.OpenBanking.BackOfficeTed.Api\Program.cs
	EndProjectSection
EndProject
Project("{2150E333-8FDC-42A3-9474-1A3956D46DE8}") = "03 - Infra", "03 - Infra", "{C211E79A-FC84-4BE1-9F75-FBFDC1C24484}"
EndProject
Project("{9A19103F-16F7-4668-BE54-9A1E7A4F7556}") = "ABCBrasil.OpenBanking.BackOfficeTed.Infra", "ABCBrasil.OpenBanking.BackOfficeTed.Infra\ABCBrasil.OpenBanking.BackOfficeTed.Infra.csproj", "{6713408F-B3E2-4EBC-8637-05CF41ED0B3A}"
EndProject
Project("{2150E333-8FDC-42A3-9474-1A3956D46DE8}") = "04 - CrossCutting", "04 - CrossCutting", "{CB14764B-61B1-497D-B99B-3C6155AFB0D4}"
EndProject
Project("{9A19103F-16F7-4668-BE54-9A1E7A4F7556}") = "ABCBrasil.OpenBanking.BackOfficeTed.IoC", "ABCBrasil.OpenBanking.BackOfficeTed.IoC\ABCBrasil.OpenBanking.BackOfficeTed.IoC.csproj", "{5B2F9320-F7C8-47C3-A8CC-715811A86B9F}"
EndProject
Project("{2150E333-8FDC-42A3-9474-1A3956D46DE8}") = "tests", "tests", "{CB7C59D2-3A95-40F7-93C3-54618BF4EFA8}"
EndProject
Project("{9A19103F-16F7-4668-BE54-9A1E7A4F7556}") = "ABCBrasil.OpenBanking.BackOfficeTed.Tests.Unit", "ABCBrasil.OpenBanking.BackOfficeTed.Tests.Unit\ABCBrasil.OpenBanking.BackOfficeTed.Tests.Unit.csproj", "{D715B953-5D8C-4200-B1B7-0FD2F02B8136}"
EndProject
Project("{9A19103F-16F7-4668-BE54-9A1E7A4F7556}") = "ABCBrasil.OpenBanking.BackOfficeTed.Core", "ABCBrasil.OpenBanking.BackOfficeTed.Core\ABCBrasil.OpenBanking.BackOfficeTed.Core.csproj", "{B0CDDDAC-6B16-4212-A583-241DF854548B}"
EndProject
Global
	GlobalSection(SolutionConfigurationPlatforms) = preSolution
		Debug|Any CPU = Debug|Any CPU
		Release|Any CPU = Release|Any CPU
	EndGlobalSection
	GlobalSection(ProjectConfigurationPlatforms) = postSolution
		{5521E6DE-06CD-4D86-8523-F6AD5BC9FD67}.Debug|Any CPU.ActiveCfg = Debug|Any CPU
		{5521E6DE-06CD-4D86-8523-F6AD5BC9FD67}.Debug|Any CPU.Build.0 = Debug|Any CPU
		{5521E6DE-06CD-4D86-8523-F6AD5BC9FD67}.Release|Any CPU.ActiveCfg = Release|Any CPU
		{5521E6DE-06CD-4D86-8523-F6AD5BC9FD67}.Release|Any CPU.Build.0 = Release|Any CPU
		{6713408F-B3E2-4EBC-8637-05CF41ED0B3A}.Debug|Any CPU.ActiveCfg = Debug|Any CPU
		{6713408F-B3E2-4EBC-8637-05CF41ED0B3A}.Debug|Any CPU.Build.0 = Debug|Any CPU
		{6713408F-B3E2-4EBC-8637-05CF41ED0B3A}.Release|Any CPU.ActiveCfg = Release|Any CPU
		{6713408F-B3E2-4EBC-8637-05CF41ED0B3A}.Release|Any CPU.Build.0 = Release|Any CPU
		{5B2F9320-F7C8-47C3-A8CC-715811A86B9F}.Debug|Any CPU.ActiveCfg = Debug|Any CPU
		{5B2F9320-F7C8-47C3-A8CC-715811A86B9F}.Debug|Any CPU.Build.0 = Debug|Any CPU
		{5B2F9320-F7C8-47C3-A8CC-715811A86B9F}.Release|Any CPU.ActiveCfg = Release|Any CPU
		{5B2F9320-F7C8-47C3-A8CC-715811A86B9F}.Release|Any CPU.Build.0 = Release|Any CPU
		{D715B953-5D8C-4200-B1B7-0FD2F02B8136}.Debug|Any CPU.ActiveCfg = Debug|Any CPU
		{D715B953-5D8C-4200-B1B7-0FD2F02B8136}.Debug|Any CPU.Build.0 = Debug|Any CPU
		{D715B953-5D8C-4200-B1B7-0FD2F02B8136}.Release|Any CPU.ActiveCfg = Release|Any CPU
		{D715B953-5D8C-4200-B1B7-0FD2F02B8136}.Release|Any CPU.Build.0 = Release|Any CPU
		{B0CDDDAC-6B16-4212-A583-241DF854548B}.Debug|Any CPU.ActiveCfg = Debug|Any CPU
		{B0CDDDAC-6B16-4212-A583-241DF854548B}.Debug|Any CPU.Build.0 = Debug|Any CPU
		{B0CDDDAC-6B16-4212-A583-241DF854548B}.Release|Any CPU.ActiveCfg = Release|Any CPU
		{B0CDDDAC-6B16-4212-A583-241DF854548B}.Release|Any CPU.Build.0 = Release|Any CPU
	EndGlobalSection
	GlobalSection(SolutionProperties) = preSolution
		HideSolutionNode = FALSE
	EndGlobalSection
	GlobalSection(NestedProjects) = preSolution
		{5521E6DE-06CD-4D86-8523-F6AD5BC9FD67} = {C32ADE5F-A0DF-45C7-BEB6-70A22ACDCA5E}
		{C32ADE5F-A0DF-45C7-BEB6-70A22ACDCA5E} = {C59A6617-28E2-4F9F-9B56-3045204DC0FE}
		{493D3548-A085-4BBF-B209-B0CC66D7ECC7} = {C59A6617-28E2-4F9F-9B56-3045204DC0FE}
		{C211E79A-FC84-4BE1-9F75-FBFDC1C24484} = {C59A6617-28E2-4F9F-9B56-3045204DC0FE}
		{6713408F-B3E2-4EBC-8637-05CF41ED0B3A} = {C211E79A-FC84-4BE1-9F75-FBFDC1C24484}
		{CB14764B-61B1-497D-B99B-3C6155AFB0D4} = {C59A6617-28E2-4F9F-9B56-3045204DC0FE}
		{5B2F9320-F7C8-47C3-A8CC-715811A86B9F} = {CB14764B-61B1-497D-B99B-3C6155AFB0D4}
		{D715B953-5D8C-4200-B1B7-0FD2F02B8136} = {CB7C59D2-3A95-40F7-93C3-54618BF4EFA8}
		{B0CDDDAC-6B16-4212-A583-241DF854548B} = {493D3548-A085-4BBF-B209-B0CC66D7ECC7}
	EndGlobalSection
	GlobalSection(ExtensibilityGlobals) = postSolution
		SolutionGuid = {04E9783C-DB8F-4DC4-9B17-1FE6C563DD1C}
	EndGlobalSection
EndGlobal
